
Microsoft Visual Studio Solution File, Format Version 12.00
# Visual Studio Version 16
VisualStudioVersion = 16.0.30907.101
MinimumVisualStudioVersion = 10.0.40219.1
Project("{FAE04EC0-301F-11D3-BF4B-00C04F79EFBC}") = "lab3", "lab3.csproj", "{2890985A-74E2-4168-B59C-64CC0C473CEB}"
EndProject
Global
	GlobalSection(SolutionConfigurationPlatforms) = preSolution
		Debug|Any CPU = Debug|Any CPU
		Release|Any CPU = Release|Any CPU
	EndGlobalSection
	GlobalSection(ProjectConfigurationPlatforms) = postSolution
		{2890985A-74E2-4168-B59C-64CC0C473CEB}.Debug|Any CPU.ActiveCfg = Debug|Any CPU
		{2890985A-74E2-4168-B59C-64CC0C473CEB}.Debug|Any CPU.Build.0 = Debug|Any CPU
		{2890985A-74E2-4168-B59C-64CC0C473CEB}.Release|Any CPU.ActiveCfg = Release|Any CPU
		{2890985A-74E2-4168-B59C-64CC0C473CEB}.Release|Any CPU.Build.0 = Release|Any CPU
	EndGlobalSection
	GlobalSection(SolutionProperties) = preSolution
		HideSolutionNode = FALSE
	EndGlobalSection
	GlobalSection(ExtensibilityGlobals) = postSolution
		SolutionGuid = {EAD287AA-DA39-4B40-ABC3-EEFDD57DB1EC}
	EndGlobalSection
EndGlobal
